PODS:
  - RxCocoa (3.1.0):
    - RxSwift (~> 3.1)
  - RxSwift (3.1.0)
  - RxTest (3.1.0):
    - RxSwift (~> 3.0)

DEPENDENCIES:
  - RxCocoa
  - RxSwift
  - RxTest

SPEC CHECKSUMS:
  RxCocoa: 50d7564866da9299161e86a263ce12a0873904d8
  RxSwift: 83ff553e7593fdfdcb2562933a64c0284dffdadc
  RxTest: 661e33b5022682961784da03cf79c175fcc4bd64

PODFILE CHECKSUM: cce2c5d881a685f7d0c3991c43f0046246bf8efa

COCOAPODS: 1.1.1
